
Microsoft Visual Studio Solution File, Format Version 12.00
# Visual Studio Version 17
VisualStudioVersion = 17.0.32112.339
MinimumVisualStudioVersion = 10.0.40219.1
Project("{2150E333-8FDC-42A3-9474-1A3956D46DE8}") = "Domain", "Domain", "{3151936A-5B21-4710-B796-65ADDB4E8443}"
EndProject
Project("{2150E333-8FDC-42A3-9474-1A3956D46DE8}") = "Core", "Core", "{7E3DF7EA-E9FF-4944-8C8F-212D94FE9783}"
EndProject
Project("{2150E333-8FDC-42A3-9474-1A3956D46DE8}") = "Present", "Present", "{2CC41AD5-9D47-4E01-A3D8-AB08EA4D6CE9}"
EndProject
Project("{2150E333-8FDC-42A3-9474-1A3956D46DE8}") = "Persist", "Persist", "{1F695E8C-4D36-4EE1-8B8E-B8F22ED778EA}"
EndProject
Project("{2150E333-8FDC-42A3-9474-1A3956D46DE8}") = "Test", "Test", "{A9F332B7-088B-4894-9D93-5CB82DB7D35B}"
EndProject
Project("{2150E333-8FDC-42A3-9474-1A3956D46DE8}") = "Framework", "Framework", "{66AC7CBB-9670-4B4E-BA9D-C7B4A5170BB5}"
EndProject
Project("{2150E333-8FDC-42A3-9474-1A3956D46DE8}") = "Data", "Data", "{BA7FE876-A536-4375-BE38-AE30F7C3CD2F}"
EndProject
Project("{9A19103F-16F7-4668-BE54-9A1E7A4F7556}") = "CASA.Core", "Core\CASA.Core\CASA.Core.csproj", "{8C1542E8-7BA4-472C-970E-8105B49C1F89}"
EndProject
Project("{9A19103F-16F7-4668-BE54-9A1E7A4F7556}") = "CASA.Core.Contracts", "Core\CASA.Core.Contracts\CASA.Core.Contracts.csproj", "{9DE5E042-1A3A-4C02-8679-A47D7776A1C3}"
EndProject
Project("{9A19103F-16F7-4668-BE54-9A1E7A4F7556}") = "CASA.Domain.Models", "Domain\CASA.Domain.Models\CASA.Domain.Models.csproj", "{11CF387E-DD0D-4610-B016-ABA5E2132FCD}"
EndProject
Project("{9A19103F-16F7-4668-BE54-9A1E7A4F7556}") = "CASA.Domain.Exceptions", "Domain\CASA.Domain.Exceptions\CASA.Domain.Exceptions.csproj", "{D784FB24-D6B1-4FFE-B2AF-AEC2A739C733}"
EndProject
Project("{9A19103F-16F7-4668-BE54-9A1E7A4F7556}") = "CASA.Framework.Authentication", "Framework\CASA.Framework.Authentication\CASA.Framework.Authentication.csproj", "{1E68EB5F-0FF9-4833-83B1-62A96875DC0B}"
EndProject
Project("{00D1A9C2-B5F0-4AF3-8072-F6C62B433612}") = "CASA.Data.PostalCodeDb", "data\CASA.Data.PostalCodeDb\CASA.Data.PostalCodeDb.sqlproj", "{DE26FE8F-E8D6-4BBF-A427-5D6C58056872}"
EndProject
Project("{2150E333-8FDC-42A3-9474-1A3956D46DE8}") = "API", "API", "{F6D73182-3868-46D7-BFA7-2CFB2C7FA5E7}"
EndProject
Project("{2150E333-8FDC-42A3-9474-1A3956D46DE8}") = "Web", "Web", "{6AA38858-CFE6-4E4D-8BFC-589C1986A71F}"
EndProject
Project("{2150E333-8FDC-42A3-9474-1A3956D46DE8}") = "Desk", "Desk", "{F35268BC-B2F0-4CDB-A24A-52B1DAE83E7D}"
EndProject
Project("{2150E333-8FDC-42A3-9474-1A3956D46DE8}") = "Accept", "Accept", "{2DC5BAE5-9E86-48CE-9BF7-9CB23C0EAF54}"
EndProject
Project("{2150E333-8FDC-42A3-9474-1A3956D46DE8}") = "Unit", "Unit", "{7B4A9C71-291E-444D-A3EF-82B77EEEDC12}"
EndProject
Project("{2150E333-8FDC-42A3-9474-1A3956D46DE8}") = "Integ", "Integ", "{4A99ADE2-13A2-40C8-817A-9A2678566D1F}"
EndProject
Project("{2150E333-8FDC-42A3-9474-1A3956D46DE8}") = "Spec", "Spec", "{A2C76F9F-03E9-4254-BE0C-813F1FD46B8B}"
EndProject
Project("{9A19103F-16F7-4668-BE54-9A1E7A4F7556}") = "CASA.Persist.Person.Contracts", "persist\CASA.Persist.Person.Contracts\CASA.Persist.Person.Contracts.csproj", "{688C9EDF-1EE8-4A9A-8A47-0E40DCB51761}"
EndProject
Project("{9A19103F-16F7-4668-BE54-9A1E7A4F7556}") = "CASA.Persist.PostalCode.Contracts", "persist\CASA.Persist.PostalCode.Contracts\CASA.Persist.PostalCode.Contracts.csproj", "{13C850C7-432B-4CA9-B97D-8625631F10BC}"
EndProject
Project("{9A19103F-16F7-4668-BE54-9A1E7A4F7556}") = "CASA.Framework.ClientRouting", "Framework\CASA.Framework.ClientRouting\CASA.Framework.ClientRouting.csproj", "{25B43253-EF06-4A7B-A4DD-C2D8BB969F0E}"
EndProject
Project("{9A19103F-16F7-4668-BE54-9A1E7A4F7556}") = "CASA.Framework.Authentication.Contracts", "Framework\CASA.Framework.Authentication.Contracts\CASA.Framework.Authentication.Contracts.csproj", "{595177D6-AC95-42FB-9023-DF28654D73EB}"
EndProject
Project("{9A19103F-16F7-4668-BE54-9A1E7A4F7556}") = "CASA.Persist.Person", "Persist\CASA.Persist.Person\CASA.Persist.Person.csproj", "{1E2AF23F-D146-47F2-95ED-4D8291486765}"
EndProject
Project("{9A19103F-16F7-4668-BE54-9A1E7A4F7556}") = "CASA.Persist.PostalCode", "Persist\CASA.Persist.PostalCode\CASA.Persist.PostalCode.csproj", "{B39E913B-8EFD-4CCE-8AFB-93656D53EF28}"
EndProject
Project("{9A19103F-16F7-4668-BE54-9A1E7A4F7556}") = "CASA.Persist.PostalCode.Test.Integ", "Test\Integ\CASA.Persist.PostalCode.Test.Integ\CASA.Persist.PostalCode.Test.Integ.csproj", "{D623C959-9809-4083-8BA2-BB3A0B2826AE}"
EndProject
Project("{2150E333-8FDC-42A3-9474-1A3956D46DE8}") = "Graph", "Graph", "{A2E956E5-D693-47F8-B0D9-2116C9B91030}"
EndProject
Project("{FAE04EC0-301F-11D3-BF4B-00C04F79EFBC}") = "CASA.Domain.Graph.Models", "Domain\Graph\CASA.Domain.Graph.Models\CASA.Domain.Graph.Models.csproj", "{02CAC78D-AC24-4DA5-8C09-F669F9E97EEE}"
EndProject
Project("{2150E333-8FDC-42A3-9474-1A3956D46DE8}") = "Application", "Application", "{FBF5E04D-7A26-4CA4-ABB5-3E47B0332CE1}"
	ProjectSection(SolutionItems) = preProject
		ApplicationFolderReadme.txt = ApplicationFolderReadme.txt
	EndProjectSection
EndProject
Project("{9A19103F-16F7-4668-BE54-9A1E7A4F7556}") = "CASA.Framework.ClientRouting.Contracts", "framework\CASA.Framework.ClientRouting.Contracts\CASA.Framework.ClientRouting.Contracts.csproj", "{1DBF3F89-9C73-4746-98F7-EFC445D596F0}"
EndProject
Project("{FAE04EC0-301F-11D3-BF4B-00C04F79EFBC}") = "CASA.Present.API.GraphQL", "Present\API\CASA.Present.API.GraphQL\CASA.Present.API.GraphQL.csproj", "{357CBDC5-09A0-4707-9A7B-353D0119DF02}"
EndProject
Project("{FAE04EC0-301F-11D3-BF4B-00C04F79EFBC}") = "CASA.Present.Desk.WinForms", "Present\Desk\CASA.Present.Desk.WinForms\CASA.Present.Desk.WinForms.csproj", "{30F85A8C-16EE-45FF-A70B-973C674D099E}"
EndProject
Project("{FAE04EC0-301F-11D3-BF4B-00C04F79EFBC}") = "CASA.Framework.Authentication.Test.Integ", "Test\Integ\CASA.Framework.Authentication.Test.Integ\CASA.Framework.Authentication.Test.Integ.csproj", "{EF5A9CAE-EF22-42F3-83BE-70DAE5DB359E}"
EndProject
Project("{2150E333-8FDC-42A3-9474-1A3956D46DE8}") = "Persist", "Persist", "{D54F8188-030A-4003-B920-91EFE5C97544}"
EndProject
Project("{FAE04EC0-301F-11D3-BF4B-00C04F79EFBC}") = "CASA.Framework.ClientRouting.Test.Integ", "Test\Integ\CASA.Framework.ClientRouting.Test.Integ\CASA.Framework.ClientRouting.Test.Integ.csproj", "{2BF82568-E916-4E58-9D11-C720F8A35E16}"
EndProject
Project("{FAE04EC0-301F-11D3-BF4B-00C04F79EFBC}") = "CASA.Core.Test.Integ", "Test\Integ\CASA.Core.Test.Integ\CASA.Core.Test.Integ.csproj", "{01904162-3F6B-4B9A-9539-EC1C83923B77}"
EndProject
Project("{FAE04EC0-301F-11D3-BF4B-00C04F79EFBC}") = "CASA.Core.Test.Unit", "Test\Unit\CASA.Core.Test.Unit\CASA.Core.Test.Unit.csproj", "{50718BB4-1251-43B3-BB96-E66249D61F35}"
EndProject
Project("{9A19103F-16F7-4668-BE54-9A1E7A4F7556}") = "CASA.Present.Desk.Console", "present\Desk\CASA.Present.Desk.Console\CASA.Present.Desk.Console.csproj", "{D77043B5-441A-4402-BFCF-BA80AF6EC6AC}"
EndProject
Global
	GlobalSection(SolutionConfigurationPlatforms) = preSolution
		Debug|Any CPU = Debug|Any CPU
		Release|Any CPU = Release|Any CPU
	EndGlobalSection
	GlobalSection(ProjectConfigurationPlatforms) = postSolution
		{8C1542E8-7BA4-472C-970E-8105B49C1F89}.Debug|Any CPU.ActiveCfg = Debug|Any CPU
		{8C1542E8-7BA4-472C-970E-8105B49C1F89}.Debug|Any CPU.Build.0 = Debug|Any CPU
		{8C1542E8-7BA4-472C-970E-8105B49C1F89}.Release|Any CPU.ActiveCfg = Release|Any CPU
		{8C1542E8-7BA4-472C-970E-8105B49C1F89}.Release|Any CPU.Build.0 = Release|Any CPU
		{9DE5E042-1A3A-4C02-8679-A47D7776A1C3}.Debug|Any CPU.ActiveCfg = Debug|Any CPU
		{9DE5E042-1A3A-4C02-8679-A47D7776A1C3}.Debug|Any CPU.Build.0 = Debug|Any CPU
		{9DE5E042-1A3A-4C02-8679-A47D7776A1C3}.Release|Any CPU.ActiveCfg = Release|Any CPU
		{9DE5E042-1A3A-4C02-8679-A47D7776A1C3}.Release|Any CPU.Build.0 = Release|Any CPU
		{11CF387E-DD0D-4610-B016-ABA5E2132FCD}.Debug|Any CPU.ActiveCfg = Debug|Any CPU
		{11CF387E-DD0D-4610-B016-ABA5E2132FCD}.Debug|Any CPU.Build.0 = Debug|Any CPU
		{11CF387E-DD0D-4610-B016-ABA5E2132FCD}.Release|Any CPU.ActiveCfg = Release|Any CPU
		{11CF387E-DD0D-4610-B016-ABA5E2132FCD}.Release|Any CPU.Build.0 = Release|Any CPU
		{D784FB24-D6B1-4FFE-B2AF-AEC2A739C733}.Debug|Any CPU.ActiveCfg = Debug|Any CPU
		{D784FB24-D6B1-4FFE-B2AF-AEC2A739C733}.Debug|Any CPU.Build.0 = Debug|Any CPU
		{D784FB24-D6B1-4FFE-B2AF-AEC2A739C733}.Release|Any CPU.ActiveCfg = Release|Any CPU
		{D784FB24-D6B1-4FFE-B2AF-AEC2A739C733}.Release|Any CPU.Build.0 = Release|Any CPU
		{1E68EB5F-0FF9-4833-83B1-62A96875DC0B}.Debug|Any CPU.ActiveCfg = Debug|Any CPU
		{1E68EB5F-0FF9-4833-83B1-62A96875DC0B}.Debug|Any CPU.Build.0 = Debug|Any CPU
		{1E68EB5F-0FF9-4833-83B1-62A96875DC0B}.Release|Any CPU.ActiveCfg = Release|Any CPU
		{1E68EB5F-0FF9-4833-83B1-62A96875DC0B}.Release|Any CPU.Build.0 = Release|Any CPU
		{DE26FE8F-E8D6-4BBF-A427-5D6C58056872}.Debug|Any CPU.ActiveCfg = Debug|Any CPU
		{DE26FE8F-E8D6-4BBF-A427-5D6C58056872}.Debug|Any CPU.Build.0 = Debug|Any CPU
		{DE26FE8F-E8D6-4BBF-A427-5D6C58056872}.Debug|Any CPU.Deploy.0 = Debug|Any CPU
		{DE26FE8F-E8D6-4BBF-A427-5D6C58056872}.Release|Any CPU.ActiveCfg = Release|Any CPU
		{DE26FE8F-E8D6-4BBF-A427-5D6C58056872}.Release|Any CPU.Build.0 = Release|Any CPU
		{DE26FE8F-E8D6-4BBF-A427-5D6C58056872}.Release|Any CPU.Deploy.0 = Release|Any CPU
		{688C9EDF-1EE8-4A9A-8A47-0E40DCB51761}.Debug|Any CPU.ActiveCfg = Debug|Any CPU
		{688C9EDF-1EE8-4A9A-8A47-0E40DCB51761}.Debug|Any CPU.Build.0 = Debug|Any CPU
		{688C9EDF-1EE8-4A9A-8A47-0E40DCB51761}.Release|Any CPU.ActiveCfg = Release|Any CPU
		{688C9EDF-1EE8-4A9A-8A47-0E40DCB51761}.Release|Any CPU.Build.0 = Release|Any CPU
		{13C850C7-432B-4CA9-B97D-8625631F10BC}.Debug|Any CPU.ActiveCfg = Debug|Any CPU
		{13C850C7-432B-4CA9-B97D-8625631F10BC}.Debug|Any CPU.Build.0 = Debug|Any CPU
		{13C850C7-432B-4CA9-B97D-8625631F10BC}.Release|Any CPU.ActiveCfg = Release|Any CPU
		{13C850C7-432B-4CA9-B97D-8625631F10BC}.Release|Any CPU.Build.0 = Release|Any CPU
		{25B43253-EF06-4A7B-A4DD-C2D8BB969F0E}.Debug|Any CPU.ActiveCfg = Debug|Any CPU
		{25B43253-EF06-4A7B-A4DD-C2D8BB969F0E}.Debug|Any CPU.Build.0 = Debug|Any CPU
		{25B43253-EF06-4A7B-A4DD-C2D8BB969F0E}.Release|Any CPU.ActiveCfg = Release|Any CPU
		{25B43253-EF06-4A7B-A4DD-C2D8BB969F0E}.Release|Any CPU.Build.0 = Release|Any CPU
		{595177D6-AC95-42FB-9023-DF28654D73EB}.Debug|Any CPU.ActiveCfg = Debug|Any CPU
		{595177D6-AC95-42FB-9023-DF28654D73EB}.Debug|Any CPU.Build.0 = Debug|Any CPU
		{595177D6-AC95-42FB-9023-DF28654D73EB}.Release|Any CPU.ActiveCfg = Release|Any CPU
		{595177D6-AC95-42FB-9023-DF28654D73EB}.Release|Any CPU.Build.0 = Release|Any CPU
		{1E2AF23F-D146-47F2-95ED-4D8291486765}.Debug|Any CPU.ActiveCfg = Debug|Any CPU
		{1E2AF23F-D146-47F2-95ED-4D8291486765}.Debug|Any CPU.Build.0 = Debug|Any CPU
		{1E2AF23F-D146-47F2-95ED-4D8291486765}.Release|Any CPU.ActiveCfg = Release|Any CPU
		{1E2AF23F-D146-47F2-95ED-4D8291486765}.Release|Any CPU.Build.0 = Release|Any CPU
		{B39E913B-8EFD-4CCE-8AFB-93656D53EF28}.Debug|Any CPU.ActiveCfg = Debug|Any CPU
		{B39E913B-8EFD-4CCE-8AFB-93656D53EF28}.Debug|Any CPU.Build.0 = Debug|Any CPU
		{B39E913B-8EFD-4CCE-8AFB-93656D53EF28}.Release|Any CPU.ActiveCfg = Release|Any CPU
		{B39E913B-8EFD-4CCE-8AFB-93656D53EF28}.Release|Any CPU.Build.0 = Release|Any CPU
		{D623C959-9809-4083-8BA2-BB3A0B2826AE}.Debug|Any CPU.ActiveCfg = Debug|Any CPU
		{D623C959-9809-4083-8BA2-BB3A0B2826AE}.Debug|Any CPU.Build.0 = Debug|Any CPU
		{D623C959-9809-4083-8BA2-BB3A0B2826AE}.Release|Any CPU.ActiveCfg = Release|Any CPU
		{D623C959-9809-4083-8BA2-BB3A0B2826AE}.Release|Any CPU.Build.0 = Release|Any CPU
		{02CAC78D-AC24-4DA5-8C09-F669F9E97EEE}.Debug|Any CPU.ActiveCfg = Debug|Any CPU
		{02CAC78D-AC24-4DA5-8C09-F669F9E97EEE}.Debug|Any CPU.Build.0 = Debug|Any CPU
		{02CAC78D-AC24-4DA5-8C09-F669F9E97EEE}.Release|Any CPU.ActiveCfg = Release|Any CPU
		{02CAC78D-AC24-4DA5-8C09-F669F9E97EEE}.Release|Any CPU.Build.0 = Release|Any CPU
		{1DBF3F89-9C73-4746-98F7-EFC445D596F0}.Debug|Any CPU.ActiveCfg = Debug|Any CPU
		{1DBF3F89-9C73-4746-98F7-EFC445D596F0}.Debug|Any CPU.Build.0 = Debug|Any CPU
		{1DBF3F89-9C73-4746-98F7-EFC445D596F0}.Release|Any CPU.ActiveCfg = Release|Any CPU
		{1DBF3F89-9C73-4746-98F7-EFC445D596F0}.Release|Any CPU.Build.0 = Release|Any CPU
		{357CBDC5-09A0-4707-9A7B-353D0119DF02}.Debug|Any CPU.ActiveCfg = Debug|Any CPU
		{357CBDC5-09A0-4707-9A7B-353D0119DF02}.Debug|Any CPU.Build.0 = Debug|Any CPU
		{357CBDC5-09A0-4707-9A7B-353D0119DF02}.Release|Any CPU.ActiveCfg = Release|Any CPU
		{357CBDC5-09A0-4707-9A7B-353D0119DF02}.Release|Any CPU.Build.0 = Release|Any CPU
		{30F85A8C-16EE-45FF-A70B-973C674D099E}.Debug|Any CPU.ActiveCfg = Debug|Any CPU
		{30F85A8C-16EE-45FF-A70B-973C674D099E}.Debug|Any CPU.Build.0 = Debug|Any CPU
		{30F85A8C-16EE-45FF-A70B-973C674D099E}.Release|Any CPU.ActiveCfg = Release|Any CPU
		{30F85A8C-16EE-45FF-A70B-973C674D099E}.Release|Any CPU.Build.0 = Release|Any CPU
		{EF5A9CAE-EF22-42F3-83BE-70DAE5DB359E}.Debug|Any CPU.ActiveCfg = Debug|Any CPU
		{EF5A9CAE-EF22-42F3-83BE-70DAE5DB359E}.Debug|Any CPU.Build.0 = Debug|Any CPU
		{EF5A9CAE-EF22-42F3-83BE-70DAE5DB359E}.Release|Any CPU.ActiveCfg = Release|Any CPU
		{EF5A9CAE-EF22-42F3-83BE-70DAE5DB359E}.Release|Any CPU.Build.0 = Release|Any CPU
		{2BF82568-E916-4E58-9D11-C720F8A35E16}.Debug|Any CPU.ActiveCfg = Debug|Any CPU
		{2BF82568-E916-4E58-9D11-C720F8A35E16}.Debug|Any CPU.Build.0 = Debug|Any CPU
		{2BF82568-E916-4E58-9D11-C720F8A35E16}.Release|Any CPU.ActiveCfg = Release|Any CPU
		{2BF82568-E916-4E58-9D11-C720F8A35E16}.Release|Any CPU.Build.0 = Release|Any CPU
		{01904162-3F6B-4B9A-9539-EC1C83923B77}.Debug|Any CPU.ActiveCfg = Debug|Any CPU
		{01904162-3F6B-4B9A-9539-EC1C83923B77}.Debug|Any CPU.Build.0 = Debug|Any CPU
		{01904162-3F6B-4B9A-9539-EC1C83923B77}.Release|Any CPU.ActiveCfg = Release|Any CPU
		{01904162-3F6B-4B9A-9539-EC1C83923B77}.Release|Any CPU.Build.0 = Release|Any CPU
		{50718BB4-1251-43B3-BB96-E66249D61F35}.Debug|Any CPU.ActiveCfg = Debug|Any CPU
		{50718BB4-1251-43B3-BB96-E66249D61F35}.Debug|Any CPU.Build.0 = Debug|Any CPU
		{50718BB4-1251-43B3-BB96-E66249D61F35}.Release|Any CPU.ActiveCfg = Release|Any CPU
		{50718BB4-1251-43B3-BB96-E66249D61F35}.Release|Any CPU.Build.0 = Release|Any CPU
		{D77043B5-441A-4402-BFCF-BA80AF6EC6AC}.Debug|Any CPU.ActiveCfg = Debug|Any CPU
		{D77043B5-441A-4402-BFCF-BA80AF6EC6AC}.Debug|Any CPU.Build.0 = Debug|Any CPU
		{D77043B5-441A-4402-BFCF-BA80AF6EC6AC}.Release|Any CPU.ActiveCfg = Release|Any CPU
		{D77043B5-441A-4402-BFCF-BA80AF6EC6AC}.Release|Any CPU.Build.0 = Release|Any CPU
	EndGlobalSection
	GlobalSection(SolutionProperties) = preSolution
		HideSolutionNode = FALSE
	EndGlobalSection
	GlobalSection(NestedProjects) = preSolution
		{8C1542E8-7BA4-472C-970E-8105B49C1F89} = {7E3DF7EA-E9FF-4944-8C8F-212D94FE9783}
		{9DE5E042-1A3A-4C02-8679-A47D7776A1C3} = {7E3DF7EA-E9FF-4944-8C8F-212D94FE9783}
		{11CF387E-DD0D-4610-B016-ABA5E2132FCD} = {3151936A-5B21-4710-B796-65ADDB4E8443}
		{D784FB24-D6B1-4FFE-B2AF-AEC2A739C733} = {3151936A-5B21-4710-B796-65ADDB4E8443}
		{1E68EB5F-0FF9-4833-83B1-62A96875DC0B} = {66AC7CBB-9670-4B4E-BA9D-C7B4A5170BB5}
		{DE26FE8F-E8D6-4BBF-A427-5D6C58056872} = {BA7FE876-A536-4375-BE38-AE30F7C3CD2F}
		{F6D73182-3868-46D7-BFA7-2CFB2C7FA5E7} = {2CC41AD5-9D47-4E01-A3D8-AB08EA4D6CE9}
		{6AA38858-CFE6-4E4D-8BFC-589C1986A71F} = {2CC41AD5-9D47-4E01-A3D8-AB08EA4D6CE9}
		{F35268BC-B2F0-4CDB-A24A-52B1DAE83E7D} = {2CC41AD5-9D47-4E01-A3D8-AB08EA4D6CE9}
		{2DC5BAE5-9E86-48CE-9BF7-9CB23C0EAF54} = {A9F332B7-088B-4894-9D93-5CB82DB7D35B}
		{7B4A9C71-291E-444D-A3EF-82B77EEEDC12} = {A9F332B7-088B-4894-9D93-5CB82DB7D35B}
		{4A99ADE2-13A2-40C8-817A-9A2678566D1F} = {A9F332B7-088B-4894-9D93-5CB82DB7D35B}
		{A2C76F9F-03E9-4254-BE0C-813F1FD46B8B} = {A9F332B7-088B-4894-9D93-5CB82DB7D35B}
		{688C9EDF-1EE8-4A9A-8A47-0E40DCB51761} = {1F695E8C-4D36-4EE1-8B8E-B8F22ED778EA}
		{13C850C7-432B-4CA9-B97D-8625631F10BC} = {1F695E8C-4D36-4EE1-8B8E-B8F22ED778EA}
		{25B43253-EF06-4A7B-A4DD-C2D8BB969F0E} = {66AC7CBB-9670-4B4E-BA9D-C7B4A5170BB5}
		{595177D6-AC95-42FB-9023-DF28654D73EB} = {66AC7CBB-9670-4B4E-BA9D-C7B4A5170BB5}
		{1E2AF23F-D146-47F2-95ED-4D8291486765} = {1F695E8C-4D36-4EE1-8B8E-B8F22ED778EA}
		{B39E913B-8EFD-4CCE-8AFB-93656D53EF28} = {1F695E8C-4D36-4EE1-8B8E-B8F22ED778EA}
		{D623C959-9809-4083-8BA2-BB3A0B2826AE} = {4A99ADE2-13A2-40C8-817A-9A2678566D1F}
		{A2E956E5-D693-47F8-B0D9-2116C9B91030} = {3151936A-5B21-4710-B796-65ADDB4E8443}
		{02CAC78D-AC24-4DA5-8C09-F669F9E97EEE} = {A2E956E5-D693-47F8-B0D9-2116C9B91030}
		{1DBF3F89-9C73-4746-98F7-EFC445D596F0} = {66AC7CBB-9670-4B4E-BA9D-C7B4A5170BB5}
		{357CBDC5-09A0-4707-9A7B-353D0119DF02} = {F6D73182-3868-46D7-BFA7-2CFB2C7FA5E7}
		{30F85A8C-16EE-45FF-A70B-973C674D099E} = {F35268BC-B2F0-4CDB-A24A-52B1DAE83E7D}
		{EF5A9CAE-EF22-42F3-83BE-70DAE5DB359E} = {4A99ADE2-13A2-40C8-817A-9A2678566D1F}
		{D54F8188-030A-4003-B920-91EFE5C97544} = {66AC7CBB-9670-4B4E-BA9D-C7B4A5170BB5}
		{2BF82568-E916-4E58-9D11-C720F8A35E16} = {4A99ADE2-13A2-40C8-817A-9A2678566D1F}
		{01904162-3F6B-4B9A-9539-EC1C83923B77} = {4A99ADE2-13A2-40C8-817A-9A2678566D1F}
		{50718BB4-1251-43B3-BB96-E66249D61F35} = {7B4A9C71-291E-444D-A3EF-82B77EEEDC12}
		{D77043B5-441A-4402-BFCF-BA80AF6EC6AC} = {F35268BC-B2F0-4CDB-A24A-52B1DAE83E7D}
	EndGlobalSection
	GlobalSection(ExtensibilityGlobals) = postSolution
		SolutionGuid = {B91EA1E6-8CCA-4C97-B1E0-BA01F25408EB}
	EndGlobalSection
EndGlobal
